<?xml version="1.0" encoding="utf-8"?>
<Project ToolsVersion="4.0" xmlns="http://schemas.microsoft.com/developer/msbuild/2003">
  <ItemGroup>
    <Filter Include="소스 파일">
      <UniqueIdentifier>{4FC737F1-C7A5-4376-A066-2A32D752A2FF}</UniqueIdentifier>
      <Extensions>cpp;c;cc;cxx;def;odl;idl;hpj;bat;asm;asmx</Extensions>
    </Filter>
    <Filter Include="헤더 파일">
      <UniqueIdentifier>{93995380-89BD-4b04-88EB-625FBE52EBFB}</UniqueIdentifier>
      <Extensions>h;hh;hpp;hxx;hm;inl;inc;ipp;xsd</Extensions>
    </Filter>
    <Filter Include="리소스 파일">
      <UniqueIdentifier>{67DA6AB6-F800-4c08-8B7A-83BB121AAD01}</UniqueIdentifier>
      <Extensions>rc;ico;cur;bmp;dlg;rc2;rct;bin;rgs;gif;jpg;jpeg;jpe;resx;tiff;tif;png;wav;mfcribbon-ms</Extensions>
    </Filter>
  </ItemGroup>
  <ItemGroup>
    <ClCompile Include="텀프로젝트.cpp">
      <Filter>소스 파일</Filter>
    </ClCompile>
    <ClCompile Include="배달.cpp">
      <Filter>소스 파일</Filter>
    </ClCompile>
    <ClCompile Include="개근상.cpp">
      <Filter>소스 파일</Filter>
    </ClCompile>
    <ClCompile Include="새로운게임2.cpp">
      <Filter>소스 파일</Filter>
    </ClCompile>
    <ClCompile Include="행성연결.cpp">
      <Filter>소스 파일</Filter>
    </ClCompile>
    <ClCompile Include="색종이 붙이기.cpp">
      <Filter>소스 파일</Filter>
    </ClCompile>
    <ClCompile Include="GNS.cpp">
      <Filter>소스 파일</Filter>
    </ClCompile>
    <ClCompile Include="K번째 문자열.cpp">
      <Filter>소스 파일</Filter>
    </ClCompile>
    <ClCompile Include="행렬찾기.cpp">
      <Filter>소스 파일</Filter>
    </ClCompile>
    <ClCompile Include="금속막대.cpp">
      <Filter>소스 파일</Filter>
    </ClCompile>
    <ClCompile Include="화학물질2.cpp">
      <Filter>소스 파일</Filter>
    </ClCompile>
    <ClCompile Include="두동전.cpp">
      <Filter>소스 파일</Filter>
    </ClCompile>
    <ClCompile Include="에너지모으기.cpp">
      <Filter>소스 파일</Filter>
    </ClCompile>
    <ClCompile Include="알람시계.cpp">
      <Filter>소스 파일</Filter>
    </ClCompile>
    <ClCompile Include="어린왕자.cpp">
      <Filter>소스 파일</Filter>
    </ClCompile>
    <ClCompile Include="대기업 승범이네.cpp">
      <Filter>소스 파일</Filter>
    </ClCompile>
    <ClCompile Include="평범한 배낭.cpp">
      <Filter>소스 파일</Filter>
    </ClCompile>
    <ClCompile Include="특정한 촤단 경로.cpp">
      <Filter>소스 파일</Filter>
    </ClCompile>
    <ClCompile Include="거의최단경로.cpp">
      <Filter>소스 파일</Filter>
    </ClCompile>
    <ClCompile Include="수영장.cpp">
      <Filter>소스 파일</Filter>
    </ClCompile>
    <ClCompile Include="맞춰봐.cpp">
      <Filter>소스 파일</Filter>
    </ClCompile>
    <ClCompile Include="벽부수고이동하기1,2,3.cpp">
      <Filter>소스 파일</Filter>
    </ClCompile>
    <ClCompile Include="벽부수고 이동하기 4.cpp">
      <Filter>소스 파일</Filter>
    </ClCompile>
    <ClCompile Include="숫자만들기.cpp">
      <Filter>소스 파일</Filter>
    </ClCompile>
    <ClCompile Include="탈출.cpp">
      <Filter>소스 파일</Filter>
    </ClCompile>
    <ClCompile Include="아기상어.cpp">
      <Filter>소스 파일</Filter>
    </ClCompile>
    <ClCompile Include="소수경로.cpp">
      <Filter>소스 파일</Filter>
    </ClCompile>
    <ClCompile Include="A+B.cpp">
      <Filter>소스 파일</Filter>
    </ClCompile>
    <ClCompile Include="벌꿀채취.cpp">
      <Filter>소스 파일</Filter>
    </ClCompile>
    <ClCompile Include="전구끄기.cpp">
      <Filter>소스 파일</Filter>
    </ClCompile>
    <ClCompile Include="인싸들의 가위바위보.cpp">
      <Filter>소스 파일</Filter>
    </ClCompile>
    <ClCompile Include="구슬탈출3.cpp">
      <Filter>소스 파일</Filter>
    </ClCompile>
    <ClCompile Include="A와B.cpp">
      <Filter>소스 파일</Filter>
    </ClCompile>
    <ClCompile Include="최단경로.cpp">
      <Filter>소스 파일</Filter>
    </ClCompile>
    <ClCompile Include="비숍.cpp">
      <Filter>소스 파일</Filter>
    </ClCompile>
    <ClCompile Include="puyopuyo.cpp">
      <Filter>소스 파일</Filter>
    </ClCompile>
    <ClCompile Include="최장경로.cpp">
      <Filter>소스 파일</Filter>
    </ClCompile>
    <ClCompile Include="최적 경로.cpp">
      <Filter>소스 파일</Filter>
    </ClCompile>
    <ClCompile Include="원자소멸시뮬레이션.cpp">
      <Filter>소스 파일</Filter>
    </ClCompile>
    <ClCompile Include="최소스패닝트리.cpp">
      <Filter>소스 파일</Filter>
    </ClCompile>
    <ClCompile Include="수지의 수지 맞는 여행.cpp">
      <Filter>소스 파일</Filter>
    </ClCompile>
    <ClCompile Include="타일채우기2.cpp">
      <Filter>소스 파일</Filter>
    </ClCompile>
    <ClCompile Include="모래성쌓기.cpp">
      <Filter>소스 파일</Filter>
    </ClCompile>
    <ClCompile Include="내전경기.cpp">
      <Filter>소스 파일</Filter>
    </ClCompile>
    <ClCompile Include="햄스터.cpp">
      <Filter>소스 파일</Filter>
    </ClCompile>
    <ClCompile Include="외판원순회.cpp">
      <Filter>소스 파일</Filter>
    </ClCompile>
    <ClCompile Include="초콜릿과 건포도.cpp">
      <Filter>소스 파일</Filter>
    </ClCompile>
    <ClCompile Include="지희의 고장난 계산기.cpp">
      <Filter>소스 파일</Filter>
    </ClCompile>
    <ClCompile Include="미생물격리.cpp">
      <Filter>소스 파일</Filter>
    </ClCompile>
    <ClCompile Include="디저트카페.cpp">
      <Filter>소스 파일</Filter>
    </ClCompile>
    <ClCompile Include="의석이의 우뚝선 산.cpp">
      <Filter>소스 파일</Filter>
    </ClCompile>
    <ClCompile Include="종구의 딸이름 짓기.cpp">
      <Filter>소스 파일</Filter>
    </ClCompile>
    <ClCompile Include="등산로조성.cpp">
      <Filter>소스 파일</Filter>
    </ClCompile>
    <ClCompile Include="점심 식사시간.cpp">
      <Filter>소스 파일</Filter>
    </ClCompile>
    <ClCompile Include="탈주범검거.cpp">
      <Filter>소스 파일</Filter>
    </ClCompile>
    <ClCompile Include="요리사.cpp">
      <Filter>소스 파일</Filter>
    </ClCompile>
    <ClCompile Include="선발명단.cpp">
      <Filter>소스 파일</Filter>
    </ClCompile>
    <ClCompile Include="합이 0인 네정수.cpp">
      <Filter>소스 파일</Filter>
    </ClCompile>
    <ClCompile Include="공통조상.cpp">
      <Filter>소스 파일</Filter>
    </ClCompile>
    <ClCompile Include="구간합구하기.cpp">
      <Filter>소스 파일</Filter>
    </ClCompile>
    <ClCompile Include="최솟값과 최댓값.cpp">
      <Filter>소스 파일</Filter>
    </ClCompile>
    <ClCompile Include="보급로.cpp">
      <Filter>소스 파일</Filter>
    </ClCompile>
    <ClCompile Include="하나로.cpp">
      <Filter>소스 파일</Filter>
    </ClCompile>
    <ClCompile Include="달리기.cpp">
      <Filter>소스 파일</Filter>
    </ClCompile>
    <ClCompile Include="보물섬.cpp">
      <Filter>소스 파일</Filter>
    </ClCompile>
    <ClCompile Include="KMP.cpp">
      <Filter>소스 파일</Filter>
    </ClCompile>
    <ClCompile Include="사람 네트워크2.cpp">
      <Filter>소스 파일</Filter>
    </ClCompile>
    <ClCompile Include="이미지 유사도 검사.cpp">
      <Filter>소스 파일</Filter>
    </ClCompile>
    <ClCompile Include="lcs.cpp">
      <Filter>소스 파일</Filter>
    </ClCompile>
    <ClCompile Include="경로찾기.cpp">
      <Filter>소스 파일</Filter>
    </ClCompile>
    <ClCompile Include="Gaaaaaaaaaarden.cpp">
      <Filter>소스 파일</Filter>
    </ClCompile>
    <ClCompile Include="스티커 붙이기.cpp">
      <Filter>소스 파일</Filter>
    </ClCompile>
    <ClCompile Include="maaaaaaaaaze.cpp">
      <Filter>소스 파일</Filter>
    </ClCompile>
    <ClCompile Include="계란으로 계란치기.cpp">
      <Filter>소스 파일</Filter>
    </ClCompile>
    <ClCompile Include="baaaaaaaaduk2.cpp">
      <Filter>소스 파일</Filter>
    </ClCompile>
    <ClCompile Include="전깃줄.cpp">
      <Filter>소스 파일</Filter>
    </ClCompile>
    <ClCompile Include="하노이 탑 이동 순서.cpp">
      <Filter>소스 파일</Filter>
    </ClCompile>
    <ClCompile Include="쿼드트리.cpp">
      <Filter>소스 파일</Filter>
    </ClCompile>
    <ClCompile Include="런닝맨 음식먹기.cpp">
      <Filter>소스 파일</Filter>
    </ClCompile>
    <ClCompile Include="병원짓기.cpp">
      <Filter>소스 파일</Filter>
    </ClCompile>
    <ClCompile Include="행성탐사.cpp">
      <Filter>소스 파일</Filter>
    </ClCompile>
    <ClCompile Include="앱.cpp">
      <Filter>소스 파일</Filter>
    </ClCompile>
    <ClCompile Include="추월.cpp">
      <Filter>소스 파일</Filter>
    </ClCompile>
    <ClCompile Include="가장큰정사각형.cpp">
      <Filter>소스 파일</Filter>
    </ClCompile>
  </ItemGroup>
  <ItemGroup>
    <Text Include="input.txt">
      <Filter>소스 파일</Filter>
    </Text>
  </ItemGroup>
</Project>